// !$*UTF8*$!
{
	archiveVersion = 1;
	classes = {
	};
	objectVersion = 46;
	objects = {

/* Begin PBXContainerItemProxy section */
		649477901C71F2F9004CAD43 /* PBXContainerItemProxy */ = {
			isa = PBXContainerItemProxy;
			containerPortal = 649477731C71F2F9004CAD43 /* Project object */;
			proxyType = 1;
			remoteGlobalIDString = 6494777A1C71F2F9004CAD43;
			remoteInfo = Velocimetro;
		};
		6494779B1C71F2F9004CAD43 /* PBXContainerItemProxy */ = {
			isa = PBXContainerItemProxy;
			containerPortal = 649477731C71F2F9004CAD43 /* Project object */;
			proxyType = 1;
			remoteGlobalIDString = 6494777A1C71F2F9004CAD43;
			remoteInfo = Velocimetro;
		};
/* End PBXContainerItemProxy section */

/* Begin PBXFileReference section */
		6494777B1C71F2F9004CAD43 /* Velocimetro.app */ = {isa = PBXFileReference; explicitFileType = wrapper.application; includeInIndex = 0; name = Velocimetro.app; path = "/Users/manuel/Documents/CursoSwift/Velocimetro/Velocimetro/build/Debug-iphoneos/Velocimetro.app"; sourceTree = "<absolute>"; };
		6494778F1C71F2F9004CAD43 /* VelocimetroTests.xctest */ = {isa = PBXFileReference; explicitFileType = wrapper.cfbundle; includeInIndex = 0; name = VelocimetroTests.xctest; path = "/Users/manuel/Documents/CursoSwift/Velocimetro/Velocimetro/build/Debug-iphoneos/VelocimetroTests.xctest"; sourceTree = "<absolute>"; };
		6494779A1C71F2F9004CAD43 /* VelocimetroUITests.xctest */ = {isa = PBXFileReference; explicitFileType = wrapper.cfbundle; includeInIndex = 0; name = VelocimetroUITests.xctest; path = "/Users/manuel/Documents/CursoSwift/Velocimetro/Velocimetro/build/Debug-iphoneos/VelocimetroUITests.xctest"; sourceTree = "<absolute>"; };
		649477AC1C71F44A004CAD43 /* Velocimetro.playground */ = {isa = PBXFileReference; lastKnownFileType = file.playground; name = Velocimetro.playground; path = ../Velocimetro.playground; sourceTree = "<group>"; };
/* End PBXFileReference section */

/* Begin PBXFrameworksBuildPhase section */
		649477781C71F2F9004CAD43 /* Frameworks */ = {
			isa = PBXFrameworksBuildPhase;
			buildActionMask = 2147483647;
			files = (
			);
			runOnlyForDeploymentPostprocessing = 0;
		};
		6494778C1C71F2F9004CAD43 /* Frameworks */ = {
			isa = PBXFrameworksBuildPhase;
			buildActionMask = 2147483647;
			files = (
			);
			runOnlyForDeploymentPostprocessing = 0;
		};
		649477971C71F2F9004CAD43 /* Frameworks */ = {
			isa = PBXFrameworksBuildPhase;
			buildActionMask = 2147483647;
			files = (
			);
			runOnlyForDeploymentPostprocessing = 0;
		};
/* End PBXFrameworksBuildPhase section */

/* Begin PBXGroup section */
		649477721C71F2F9004CAD43 = {
			isa = PBXGroup;
			children = (
				649477AC1C71F44A004CAD43 /* Velocimetro.playground */,
			);
			sourceTree = "<group>";
		};
/* End PBXGroup section */

/* Begin PBXNativeTarget section */
		6494777A1C71F2F9004CAD43 /* Velocimetro */ = {
			isa = PBXNativeTarget;
			buildConfigurationList = 649477A31C71F2F9004CAD43 /* Build configuration list for PBXNativeTarget "Velocimetro" */;
			buildPhases = (
				649477771C71F2F9004CAD43 /* Sources */,
				649477781C71F2F9004CAD43 /* Frameworks */,
				649477791C71F2F9004CAD43 /* Resources */,
			);
			buildRules = (
			);
			dependencies = (
			);
			name = Velocimetro;
			productName = Velocimetro;
			productReference = 6494777B1C71F2F9004CAD43 /* Velocimetro.app */;
			productType = "com.apple.product-type.application";
		};
		6494778E1C71F2F9004CAD43 /* VelocimetroTests */ = {
			isa = PBXNativeTarget;
			buildConfigurationList = 649477A61C71F2F9004CAD43 /* Build configuration list for PBXNativeTarget "VelocimetroTests" */;
			buildPhases = (
				6494778B1C71F2F9004CAD43 /* Sources */,
				6494778C1C71F2F9004CAD43 /* Frameworks */,
				6494778D1C71F2F9004CAD43 /* Resources */,
			);
			buildRules = (
			);
			dependencies = (
				649477911C71F2F9004CAD43 /* PBXTargetDependency */,
			);
			name = VelocimetroTests;
			productName = VelocimetroTests;
			productReference = 6494778F1C71F2F9004CAD43 /* VelocimetroTests.xctest */;
			productType = "com.apple.product-type.bundle.unit-test";
		};
		649477991C71F2F9004CAD43 /* VelocimetroUITests */ = {
			isa = PBXNativeTarget;
			buildConfigurationList = 649477A91C71F2F9004CAD43 /* Build configuration list for PBXNativeTarget "VelocimetroUITests" */;
			buildPhases = (
				649477961C71F2F9004CAD43 /* Sources */,
				649477971C71F2F9004CAD43 /* Frameworks */,
				649477981C71F2F9004CAD43 /* Resources */,
			);
			buildRules = (
			);
			dependencies = (
				6494779C1C71F2F9004CAD43 /* PBXTargetDependency */,
			);
			name = VelocimetroUITests;
			productName = VelocimetroUITests;
			productReference = 6494779A1C71F2F9004CAD43 /* VelocimetroUITests.xctest */;
			productType = "com.apple.product-type.bundle.ui-testing";
		};
/* End PBXNativeTarget section */

/* Begin PBXProject section */
		649477731C71F2F9004CAD43 /* Project object */ = {
			isa = PBXProject;
			attributes = {
				LastSwiftUpdateCheck = 0720;
				LastUpgradeCheck = 0720;
				ORGANIZATIONNAME = "Manuel Reyes";
				TargetAttributes = {
					6494777A1C71F2F9004CAD43 = {
						CreatedOnToolsVersion = 7.2;
					};
					6494778E1C71F2F9004CAD43 = {
						CreatedOnToolsVersion = 7.2;
						TestTargetID = 6494777A1C71F2F9004CAD43;
					};
					649477991C71F2F9004CAD43 = {
						CreatedOnToolsVersion = 7.2;
						TestTargetID = 6494777A1C71F2F9004CAD43;
					};
				};
			};
			buildConfigurationList = 649477761C71F2F9004CAD43 /* Build configuration list for PBXProject "Velocimetro" */;
			compatibilityVersion = "Xcode 3.2";
			developmentRegion = English;
			hasScannedForEncodings = 0;
			knownRegions = (
				en,
				Base,
			);
			mainGroup = 649477721C71F2F9004CAD43;
			productRefGroup = 649477721C71F2F9004CAD43;
			projectDirPath = "";
			projectRoot = "";
			targets = (
				6494777A1C71F2F9004CAD43 /* Velocimetro */,
				6494778E1C71F2F9004CAD43 /* VelocimetroTests */,
				649477991C71F2F9004CAD43 /* VelocimetroUITests */,
			);
		};
/* End PBXProject section */

/* Begin PBXResourcesBuildPhase section */
		649477791C71F2F9004CAD43 /* Resources */ = {
			isa = PBXResourcesBuildPhase;
			buildActionMask = 2147483647;
			files = (
			);
			runOnlyForDeploymentPostprocessing = 0;
		};
		6494778D1C71F2F9004CAD43 /* Resources */ = {
			isa = PBXResourcesBuildPhase;
			buildActionMask = 2147483647;
			files = (
			);
			runOnlyForDeploymentPostprocessing = 0;
		};
		649477981C71F2F9004CAD43 /* Resources */ = {
			isa = PBXResourcesBuildPhase;
			buildActionMask = 2147483647;
			files = (
			);
			runOnlyForDeploymentPostprocessing = 0;
		};
/* End PBXResourcesBuildPhase section */

/* Begin PBXSourcesBuildPhase section */
		649477771C71F2F9004CAD43 /* Sources */ = {
			isa = PBXSourcesBuildPhase;
			buildActionMask = 2147483647;
			files = (
			);
			runOnlyForDeploymentPostprocessing = 0;
		};
		6494778B1C71F2F9004CAD43 /* Sources */ = {
			isa = PBXSourcesBuildPhase;
			buildActionMask = 2147483647;
			files = (
			);
			runOnlyForDeploymentPostprocessing = 0;
		};
		649477961C71F2F9004CAD43 /* Sources */ = {
			isa = PBXSourcesBuildPhase;
			buildActionMask = 2147483647;
			files = (
			);
			runOnlyForDeploymentPostprocessing = 0;
		};
/* End PBXSourcesBuildPhase section */

/* Begin PBXTargetDependency section */
		649477911C71F2F9004CAD43 /* PBXTargetDependency */ = {
			isa = PBXTargetDependency;
			target = 6494777A1C71F2F9004CAD43 /* Velocimetro */;
			targetProxy = 649477901C71F2F9004CAD43 /* PBXContainerItemProxy */;
		};
		6494779C1C71F2F9004CAD43 /* PBXTargetDependency */ = {
			isa = PBXTargetDependency;
			target = 6494777A1C71F2F9004CAD43 /* Velocimetro */;
			targetProxy = 6494779B1C71F2F9004CAD43 /* PBXContainerItemProxy */;
		};
/* End PBXTargetDependency section */

/* Begin XCBuildConfiguration section */
		649477A11C71F2F9004CAD43 /* Debug */ = {
			isa = XCBuildConfiguration;
			buildSettings = {
				ALWAYS_SEARCH_USER_PATHS = NO;
				CLANG_CXX_LANGUAGE_STANDARD = "gnu++0x";
				CLANG_CXX_LIBRARY = "libc++";
				CLANG_ENABLE_MODULES = YES;
				CLANG_ENABLE_OBJC_ARC = YES;
				CLANG_WARN_BOOL_CONVERSION = YES;
				CLANG_WARN_CONSTANT_CONVERSION = YES;
				CLANG_WARN_DIRECT_OBJC_ISA_USAGE = YES_ERROR;
				CLANG_WARN_EMPTY_BODY = YES;
				CLANG_WARN_ENUM_CONVERSION = YES;
				CLANG_WARN_INT_CONVERSION = YES;
				CLANG_WARN_OBJC_ROOT_CLASS = YES_ERROR;
				CLANG_WARN_UNREACHABLE_CODE = YES;
				CLANG_WARN__DUPLICATE_METHOD_MATCH = YES;
				"CODE_SIGN_IDENTITY[sdk=iphoneos*]" = "iPhone Developer";
				COPY_PHASE_STRIP = NO;
				DEBUG_INFORMATION_FORMAT = dwarf;
				ENABLE_STRICT_OBJC_MSGSEND = YES;
				ENABLE_TESTABILITY = YES;
				GCC_C_LANGUAGE_STANDARD = gnu99;
				GCC_DYNAMIC_NO_PIC = NO;
				GCC_NO_COMMON_BLOCKS = YES;
				GCC_OPTIMIZATION_LEVEL = 0;
				GCC_PREPROCESSOR_DEFINITIONS = (
					"DEBUG=1",
					"$(inherited)",
				);
				GCC_WARN_64_TO_32_BIT_CONVERSION = YES;
				GCC_WARN_ABOUT_RETURN_TYPE = YES_ERROR;
				GCC_WARN_UNDECLARED_SELECTOR = YES;
				GCC_WARN_UNINITIALIZED_AUTOS = YES_AGGRESSIVE;
				GCC_WARN_UNUSED_FUNCTION = YES;
				GCC_WARN_UNUSED_VARIABLE = YES;
				IPHONEOS_DEPLOYMENT_TARGET = 9.2;
				MTL_ENABLE_DEBUG_INFO = YES;
				ONLY_ACTIVE_ARCH = YES;
				SDKROOT = iphoneos;
				SWIFT_OPTIMIZATION_LEVEL = "-Onone";
			};
			name = Debug;
		};
		649477A21C71F2F9004CAD43 /* Release */ = {
			isa = XCBuildConfiguration;
			buildSettings = {
				ALWAYS_SEARCH_USER_PATHS = NO;
				CLANG_CXX_LANGUAGE_STANDARD = "gnu++0x";
				CLANG_CXX_LIBRARY = "libc++";
				CLANG_ENABLE_MODULES = YES;
				CLANG_ENABLE_OBJC_ARC = YES;
				CLANG_WARN_BOOL_CONVERSION = YES;
				CLANG_WARN_CONSTANT_CONVERSION = YES;
				CLANG_WARN_DIRECT_OBJC_ISA_USAGE = YES_ERROR;
				CLANG_WARN_EMPTY_BODY = YES;
				CLANG_WARN_ENUM_CONVERSION = YES;
				CLANG_WARN_INT_CONVERSION = YES;
				CLANG_WARN_OBJC_ROOT_CLASS = YES_ERROR;
				CLANG_WARN_UNREACHABLE_CODE = YES;
				CLANG_WARN__DUPLICATE_METHOD_MATCH = YES;
				"CODE_SIGN_IDENTITY[sdk=iphoneos*]" = "iPhone Developer";
				COPY_PHASE_STRIP = NO;
				DEBUG_INFORMATION_FORMAT = "dwarf-with-dsym";
				ENABLE_NS_ASSERTIONS = NO;
				ENABLE_STRICT_OBJC_MSGSEND = YES;
				GCC_C_LANGUAGE_STANDARD = gnu99;
				GCC_NO_COMMON_BLOCKS = YES;
				GCC_WARN_64_TO_32_BIT_CONVERSION = YES;
				GCC_WARN_ABOUT_RETURN_TYPE = YES_ERROR;
				GCC_WARN_UNDECLARED_SELECTOR = YES;
				GCC_WARN_UNINITIALIZED_AUTOS = YES_AGGRESSIVE;
				GCC_WARN_UNUSED_FUNCTION = YES;
				GCC_WARN_UNUSED_VARIABLE = YES;
				IPHONEOS_DEPLOYMENT_TARGET = 9.2;
				MTL_ENABLE_DEBUG_INFO = NO;
				SDKROOT = iphoneos;
				VALIDATE_PRODUCT = YES;
			};
			name = Release;
		};
		649477A41C71F2F9004CAD43 /* Debug */ = {
			isa = XCBuildConfiguration;
			buildSettings = {
				ASSETCATALOG_COMPILER_APPICON_NAME = AppIcon;
				INFOPLIST_FILE = Velocimetro/Info.plist;
				LD_RUNPATH_SEARCH_PATHS = "$(inherited) @executable_path/Frameworks";
				PRODUCT_BUNDLE_IDENTIFIER = carbonbyte.Velocimetro;
				PRODUCT_NAME = "$(TARGET_NAME)";
			};
			name = Debug;
		};
		649477A51C71F2F9004CAD43 /* Release */ = {
			isa = XCBuildConfiguration;
			buildSettings = {
				ASSETCATALOG_COMPILER_APPICON_NAME = AppIcon;
				INFOPLIST_FILE = Velocimetro/Info.plist;
				LD_RUNPATH_SEARCH_PATHS = "$(inherited) @executable_path/Frameworks";
				PRODUCT_BUNDLE_IDENTIFIER = carbonbyte.Velocimetro;
				PRODUCT_NAME = "$(TARGET_NAME)";
			};
			name = Release;
		};
		649477A71C71F2F9004CAD43 /* Debug */ = {
			isa = XCBuildConfiguration;
			buildSettings = {
				BUNDLE_LOADER = "$(TEST_HOST)";
				INFOPLIST_FILE = VelocimetroTests/Info.plist;
				LD_RUNPATH_SEARCH_PATHS = "$(inherited) @executable_path/Frameworks @loader_path/Frameworks";
				PRODUCT_BUNDLE_IDENTIFIER = carbonbyte.VelocimetroTests;
				PRODUCT_NAME = "$(TARGET_NAME)";
				TEST_HOST = "$(BUILT_PRODUCTS_DIR)/Velocimetro.app/Velocimetro";
			};
			name = Debug;
		};
		649477A81C71F2F9004CAD43 /* Release */ = {
			isa = XCBuildConfiguration;
			buildSettings = {
				BUNDLE_LOADER = "$(TEST_HOST)";
				INFOPLIST_FILE = VelocimetroTests/Info.plist;
				LD_RUNPATH_SEARCH_PATHS = "$(inherited) @executable_path/Frameworks @loader_path/Frameworks";
				PRODUCT_BUNDLE_IDENTIFIER = carbonbyte.VelocimetroTests;
				PRODUCT_NAME = "$(TARGET_NAME)";
				TEST_HOST = "$(BUILT_PRODUCTS_DIR)/Velocimetro.app/Velocimetro";
			};
			name = Release;
		};
		649477AA1C71F2F9004CAD43 /* Debug */ = {
			isa = XCBuildConfiguration;
			buildSettings = {
				INFOPLIST_FILE = VelocimetroUITests/Info.plist;
				LD_RUNPATH_SEARCH_PATHS = "$(inherited) @executable_path/Frameworks @loader_path/Frameworks";
				PRODUCT_BUNDLE_IDENTIFIER = carbonbyte.VelocimetroUITests;
				PRODUCT_NAME = "$(TARGET_NAME)";
				TEST_TARGET_NAME = Velocimetro;
				USES_XCTRUNNER = YES;
			};
			name = Debug;
		};
		649477AB1C71F2F9004CAD43 /* Release */ = {
			isa = XCBuildConfiguration;
			buildSettings = {
				INFOPLIST_FILE = VelocimetroUITests/Info.plist;
				LD_RUNPATH_SEARCH_PATHS = "$(inherited) @executable_path/Frameworks @loader_path/Frameworks";
				PRODUCT_BUNDLE_IDENTIFIER = carbonbyte.VelocimetroUITests;
				PRODUCT_NAME = "$(TARGET_NAME)";
				TEST_TARGET_NAME = Velocimetro;
				USES_XCTRUNNER = YES;
			};
			name = Release;
		};
/* End XCBuildConfiguration section */

/* Begin XCConfigurationList section */
		649477761C71F2F9004CAD43 /* Build configuration list for PBXProject "Velocimetro" */ = {
			isa = XCConfigurationList;
			buildConfigurations = (
				649477A11C71F2F9004CAD43 /* Debug */,
				649477A21C71F2F9004CAD43 /* Release */,
			);
			defaultConfigurationIsVisible = 0;
			defaultConfigurationName = Release;
		};
		649477A31C71F2F9004CAD43 /* Build configuration list for PBXNativeTarget "Velocimetro" */ = {
			isa = XCConfigurationList;
			buildConfigurations = (
				649477A41C71F2F9004CAD43 /* Debug */,
				649477A51C71F2F9004CAD43 /* Release */,
			);
			defaultConfigurationIsVisible = 0;
		};
		649477A61C71F2F9004CAD43 /* Build configuration list for PBXNativeTarget "VelocimetroTests" */ = {
			isa = XCConfigurationList;
			buildConfigurations = (
				649477A71C71F2F9004CAD43 /* Debug */,
				649477A81C71F2F9004CAD43 /* Release */,
			);
			defaultConfigurationIsVisible = 0;
		};
		649477A91C71F2F9004CAD43 /* Build configuration list for PBXNativeTarget "VelocimetroUITests" */ = {
			isa = XCConfigurationList;
			buildConfigurations = (
				649477AA1C71F2F9004CAD43 /* Debug */,
				649477AB1C71F2F9004CAD43 /* Release */,
			);
			defaultConfigurationIsVisible = 0;
		};
/* End XCConfigurationList section */
	};
	rootObject = 649477731C71F2F9004CAD43 /* Project object */;
}
